
Microsoft Visual Studio Solution File, Format Version 12.00
# Visual Studio 15
VisualStudioVersion = 15.0.28010.2019
MinimumVisualStudioVersion = 10.0.40219.1
Project("{E24C65DC-7377-472B-9ABA-BC803B73C61A}") = "JSstudt", "JSstudt\", "{1DE76A45-9890-4B71-B3DE-43B159FF8163}"
	ProjectSection(WebsiteProperties) = preProject
		TargetFrameworkMoniker = ".NETFramework,Version%3Dv4.6.1"
		Debug.AspNetCompiler.VirtualPath = "/localhost_59706"
		Debug.AspNetCompiler.PhysicalPath = "JSstudt\"
		Debug.AspNetCompiler.TargetPath = "PrecompiledWeb\localhost_59706\"
		Debug.AspNetCompiler.Updateable = "true"
		Debug.AspNetCompiler.ForceOverwrite = "true"
		Debug.AspNetCompiler.FixedNames = "false"
		Debug.AspNetCompiler.Debug = "True"
		Release.AspNetCompiler.VirtualPath = "/localhost_59706"
		Release.AspNetCompiler.PhysicalPath = "JSstudt\"
		Release.AspNetCompiler.TargetPath = "PrecompiledWeb\localhost_59706\"
		Release.AspNetCompiler.Updateable = "true"
		Release.AspNetCompiler.ForceOverwrite = "true"
		Release.AspNetCompiler.FixedNames = "false"
		Release.AspNetCompiler.Debug = "False"
		VWDPort = "59706"
		SlnRelativePath = "JSstudt\"
		DefaultWebSiteLanguage = "Visual C#"
	EndProjectSection
EndProject
Global
	GlobalSection(SolutionConfigurationPlatforms) = preSolution
		Debug|Any CPU = Debug|Any CPU
	EndGlobalSection
	GlobalSection(ProjectConfigurationPlatforms) = postSolution
		{1DE76A45-9890-4B71-B3DE-43B159FF8163}.Debug|Any CPU.ActiveCfg = Debug|Any CPU
		{1DE76A45-9890-4B71-B3DE-43B159FF8163}.Debug|Any CPU.Build.0 = Debug|Any CPU
	EndGlobalSection
	GlobalSection(SolutionProperties) = preSolution
		HideSolutionNode = FALSE
	EndGlobalSection
	GlobalSection(ExtensibilityGlobals) = postSolution
		SolutionGuid = {03F2FBAB-D766-427E-A224-A14D88F0ABEF}
	EndGlobalSection
EndGlobal
